// !$*UTF8*$!
{
	archiveVersion = 1;
	classes = {
	};
	objectVersion = 56;
	objects = {

/* Begin PBXBuildFile section */
		4284D37A929892F212AE8DFB /* Pods_BPCinema.framework in Frameworks */ = {isa = PBXBuildFile; fileRef = 79AC007DBEE8EA5D90860AF3 /* Pods_BPCinema.framework */; };
		750864172BB06E6400A2AEBF /* DBManager.swift in Sources */ = {isa = PBXBuildFile; fileRef = 750864162BB06E6400A2AEBF /* DBManager.swift */; };
		750EF1F92BC3B39C0062C597 /* LoginFactory.swift in Sources */ = {isa = PBXBuildFile; fileRef = 750EF1F82BC3B39C0062C597 /* LoginFactory.swift */; };
		750EF1FC2BC3BE840062C597 /* MovieTabBar.swift in Sources */ = {isa = PBXBuildFile; fileRef = 750EF1FB2BC3BE840062C597 /* MovieTabBar.swift */; };
		750EF1FE2BC3E61D0062C597 /* RegistrationFactory.swift in Sources */ = {isa = PBXBuildFile; fileRef = 750EF1FD2BC3E61D0062C597 /* RegistrationFactory.swift */; };
		750EF2002BC4E3010062C597 /* ListOfMoviesFactory.swift in Sources */ = {isa = PBXBuildFile; fileRef = 750EF1FF2BC4E3010062C597 /* ListOfMoviesFactory.swift */; };
		750EF2022BC4EA270062C597 /* ListOfFavouritesFactory.swift in Sources */ = {isa = PBXBuildFile; fileRef = 750EF2012BC4EA270062C597 /* ListOfFavouritesFactory.swift */; };
		750EF2042BC505110062C597 /* CustomSpinner.swift in Sources */ = {isa = PBXBuildFile; fileRef = 750EF2032BC505110062C597 /* CustomSpinner.swift */; };
		750EF2162BC6683B0062C597 /* NetworkUtils.swift in Sources */ = {isa = PBXBuildFile; fileRef = 750EF2152BC6683B0062C597 /* NetworkUtils.swift */; };
		750EF2182BC668550062C597 /* NetworkError.swift in Sources */ = {isa = PBXBuildFile; fileRef = 750EF2172BC668550062C597 /* NetworkError.swift */; };
		752133672BB1696C00C17682 /* GoogleService-Info.plist in Resources */ = {isa = PBXBuildFile; fileRef = 752133662BB1696C00C17682 /* GoogleService-Info.plist */; };
		7521336F2BB294D400C17682 /* Constants.swift in Sources */ = {isa = PBXBuildFile; fileRef = 7521336E2BB294D400C17682 /* Constants.swift */; };
		752133722BB2B18600C17682 /* MovieDBModel.xcdatamodeld in Sources */ = {isa = PBXBuildFile; fileRef = 752133702BB2B18600C17682 /* MovieDBModel.xcdatamodeld */; };
		752133752BB3E73D00C17682 /* CustomButton.swift in Sources */ = {isa = PBXBuildFile; fileRef = 752133742BB3E73C00C17682 /* CustomButton.swift */; };
		752133772BB3EA8100C17682 /* CustomTextField.swift in Sources */ = {isa = PBXBuildFile; fileRef = 752133762BB3EA8100C17682 /* CustomTextField.swift */; };
		752133792BB3EF5600C17682 /* GoToButton.swift in Sources */ = {isa = PBXBuildFile; fileRef = 752133782BB3EF5600C17682 /* GoToButton.swift */; };
		7521337C2BB3F3B900C17682 /* APIService.swift in Sources */ = {isa = PBXBuildFile; fileRef = 7521337B2BB3F3B900C17682 /* APIService.swift */; };
		7521337F2BB3F49A00C17682 /* LoginPresenter.swift in Sources */ = {isa = PBXBuildFile; fileRef = 7521337E2BB3F49A00C17682 /* LoginPresenter.swift */; };
		752133812BB3F4B300C17682 /* LoginInteractor.swift in Sources */ = {isa = PBXBuildFile; fileRef = 752133802BB3F4B300C17682 /* LoginInteractor.swift */; };
		752133862BB404F800C17682 /* LoginRouter.swift in Sources */ = {isa = PBXBuildFile; fileRef = 752133852BB404F800C17682 /* LoginRouter.swift */; };
		752946562BA8461400D4F8CB /* AppDelegate.swift in Sources */ = {isa = PBXBuildFile; fileRef = 752946552BA8461400D4F8CB /* AppDelegate.swift */; };
		752946582BA8461400D4F8CB /* SceneDelegate.swift in Sources */ = {isa = PBXBuildFile; fileRef = 752946572BA8461400D4F8CB /* SceneDelegate.swift */; };
		7529465F2BA8461600D4F8CB /* Assets.xcassets in Resources */ = {isa = PBXBuildFile; fileRef = 7529465E2BA8461600D4F8CB /* Assets.xcassets */; };
		752946622BA8461600D4F8CB /* Base in Resources */ = {isa = PBXBuildFile; fileRef = 752946612BA8461600D4F8CB /* Base */; };
		7529466B2BA84F8C00D4F8CB /* ListOfMoviesViewController.swift in Sources */ = {isa = PBXBuildFile; fileRef = 7529466A2BA84F8C00D4F8CB /* ListOfMoviesViewController.swift */; };
		7529466D2BA84FA700D4F8CB /* ListOfMoviesPresenter.swift in Sources */ = {isa = PBXBuildFile; fileRef = 7529466C2BA84FA700D4F8CB /* ListOfMoviesPresenter.swift */; };
		7529466F2BA84FCF00D4F8CB /* ListOfMoviesInteractor.swift in Sources */ = {isa = PBXBuildFile; fileRef = 7529466E2BA84FCF00D4F8CB /* ListOfMoviesInteractor.swift */; };
		752946712BA84FFA00D4F8CB /* ListOfMoviesRouter.swift in Sources */ = {isa = PBXBuildFile; fileRef = 752946702BA84FFA00D4F8CB /* ListOfMoviesRouter.swift */; };
		752946742BA855F200D4F8CB /* PopularMovieEntity.swift in Sources */ = {isa = PBXBuildFile; fileRef = 752946732BA855F200D4F8CB /* PopularMovieEntity.swift */; };
		752946762BA8573A00D4F8CB /* PopularMovieResponseEntity.swift in Sources */ = {isa = PBXBuildFile; fileRef = 752946752BA8573A00D4F8CB /* PopularMovieResponseEntity.swift */; };
		752946782BA940CE00D4F8CB /* MovieCellView.swift in Sources */ = {isa = PBXBuildFile; fileRef = 752946772BA940CE00D4F8CB /* MovieCellView.swift */; };
		7529467B2BA956DF00D4F8CB /* MovieViewModel.swift in Sources */ = {isa = PBXBuildFile; fileRef = 7529467A2BA956DF00D4F8CB /* MovieViewModel.swift */; };
		7529467D2BA9598000D4F8CB /* Mapper.swift in Sources */ = {isa = PBXBuildFile; fileRef = 7529467C2BA9598000D4F8CB /* Mapper.swift */; };
		752946802BA99B5E00D4F8CB /* DetailMovieViewController.swift in Sources */ = {isa = PBXBuildFile; fileRef = 7529467F2BA99B5E00D4F8CB /* DetailMovieViewController.swift */; };
		752946822BA99B7100D4F8CB /* DetailPresenter.swift in Sources */ = {isa = PBXBuildFile; fileRef = 752946812BA99B7100D4F8CB /* DetailPresenter.swift */; };
		752946842BA99B8C00D4F8CB /* DetailInteractor.swift in Sources */ = {isa = PBXBuildFile; fileRef = 752946832BA99B8C00D4F8CB /* DetailInteractor.swift */; };
		752946862BA99BA900D4F8CB /* DetailRouter.swift in Sources */ = {isa = PBXBuildFile; fileRef = 752946852BA99BA900D4F8CB /* DetailRouter.swift */; };
		752946892BA99D0000D4F8CB /* DetailMovieEntity.swift in Sources */ = {isa = PBXBuildFile; fileRef = 752946882BA99D0000D4F8CB /* DetailMovieEntity.swift */; };
		7529468C2BA9A14A00D4F8CB /* DetailMovieViewModel.swift in Sources */ = {isa = PBXBuildFile; fileRef = 7529468B2BA9A14A00D4F8CB /* DetailMovieViewModel.swift */; };
		7529468F2BA9A1BA00D4F8CB /* MapperDetailMovieViewModel.swift in Sources */ = {isa = PBXBuildFile; fileRef = 7529468E2BA9A1BA00D4F8CB /* MapperDetailMovieViewModel.swift */; };
		75294BD72BB4209600E02E06 /* RegisterPresenter.swift in Sources */ = {isa = PBXBuildFile; fileRef = 75294BD62BB4209600E02E06 /* RegisterPresenter.swift */; };
		75294BD92BB420A300E02E06 /* RegisterInteractor.swift in Sources */ = {isa = PBXBuildFile; fileRef = 75294BD82BB420A300E02E06 /* RegisterInteractor.swift */; };
		75294BDB2BB420BB00E02E06 /* RegistrationRouter.swift in Sources */ = {isa = PBXBuildFile; fileRef = 75294BDA2BB420BB00E02E06 /* RegistrationRouter.swift */; };
		757A8D112BB6765000E3DF74 /* ListOfFavouriteMoviesViewController.swift in Sources */ = {isa = PBXBuildFile; fileRef = 757A8D102BB6765000E3DF74 /* ListOfFavouriteMoviesViewController.swift */; };
		757A8D132BB6769900E3DF74 /* ListOfFavouritesPresenter.swift in Sources */ = {isa = PBXBuildFile; fileRef = 757A8D122BB6769900E3DF74 /* ListOfFavouritesPresenter.swift */; };
		757A8D152BB6773700E3DF74 /* ListOfFavouriteMoviesInteractor.swift in Sources */ = {isa = PBXBuildFile; fileRef = 757A8D142BB6773700E3DF74 /* ListOfFavouriteMoviesInteractor.swift */; };
		757A8D1A2BB67BA000E3DF74 /* ListOfFavouriteMoviesRouter.swift in Sources */ = {isa = PBXBuildFile; fileRef = 757A8D192BB67BA000E3DF74 /* ListOfFavouriteMoviesRouter.swift */; };
		757A8D1F2BB6B23900E3DF74 /* DBFavouriteMovies.swift in Sources */ = {isa = PBXBuildFile; fileRef = 757A8D1E2BB6B23900E3DF74 /* DBFavouriteMovies.swift */; };
		757A8D302BBA9DFC00E3DF74 /* Realm in Frameworks */ = {isa = PBXBuildFile; productRef = 757A8D2F2BBA9DFC00E3DF74 /* Realm */; };
		757A8D322BBA9DFC00E3DF74 /* RealmSwift in Frameworks */ = {isa = PBXBuildFile; productRef = 757A8D312BBA9DFC00E3DF74 /* RealmSwift */; };
		757A8D342BBAAC2100E3DF74 /* DBMovieModel.swift in Sources */ = {isa = PBXBuildFile; fileRef = 757A8D332BBAAC2100E3DF74 /* DBMovieModel.swift */; };
		757C3A622BC8E3A400E1CCA3 /* PinLayout in Frameworks */ = {isa = PBXBuildFile; productRef = 757C3A612BC8E3A400E1CCA3 /* PinLayout */; };
		757C3A642BC8F12400E1CCA3 /* Router.swift in Sources */ = {isa = PBXBuildFile; fileRef = 757C3A632BC8F12400E1CCA3 /* Router.swift */; };
		757C3A662BC8F15B00E1CCA3 /* Transition.swift in Sources */ = {isa = PBXBuildFile; fileRef = 757C3A652BC8F15B00E1CCA3 /* Transition.swift */; };
		757C3A682BC8F19C00E1CCA3 /* PushTransition.swift in Sources */ = {isa = PBXBuildFile; fileRef = 757C3A672BC8F19C00E1CCA3 /* PushTransition.swift */; };
		757C3A6A2BC8F1C100E1CCA3 /* Animator.swift in Sources */ = {isa = PBXBuildFile; fileRef = 757C3A692BC8F1C100E1CCA3 /* Animator.swift */; };
		757C3A6C2BC8F3E300E1CCA3 /* MovieDetailsFactory.swift in Sources */ = {isa = PBXBuildFile; fileRef = 757C3A6B2BC8F3E300E1CCA3 /* MovieDetailsFactory.swift */; };
		757C3A782BCCF90100E1CCA3 /* MovieListViewModel.swift in Sources */ = {isa = PBXBuildFile; fileRef = 757C3A772BCCF90100E1CCA3 /* MovieListViewModel.swift */; };
		7596F7562BAD74C60052D1B2 /* RegisterViewController.swift in Sources */ = {isa = PBXBuildFile; fileRef = 7596F7552BAD74C60052D1B2 /* RegisterViewController.swift */; };
		7596F7582BAD7FF50052D1B2 /* DBMovie.swift in Sources */ = {isa = PBXBuildFile; fileRef = 7596F7572BAD7FF50052D1B2 /* DBMovie.swift */; };
		75F525102BAD4A0C00DFFC4B /* LoginViewController.swift in Sources */ = {isa = PBXBuildFile; fileRef = 75F5250F2BAD4A0C00DFFC4B /* LoginViewController.swift */; };
/* End PBXBuildFile section */

/* Begin PBXFileReference section */
		750864162BB06E6400A2AEBF /* DBManager.swift */ = {isa = PBXFileReference; lastKnownFileType = sourcecode.swift; path = DBManager.swift; sourceTree = "<group>"; };
		750EF1F82BC3B39C0062C597 /* LoginFactory.swift */ = {isa = PBXFileReference; lastKnownFileType = sourcecode.swift; path = LoginFactory.swift; sourceTree = "<group>"; };
		750EF1FB2BC3BE840062C597 /* MovieTabBar.swift */ = {isa = PBXFileReference; lastKnownFileType = sourcecode.swift; path = MovieTabBar.swift; sourceTree = "<group>"; };
		750EF1FD2BC3E61D0062C597 /* RegistrationFactory.swift */ = {isa = PBXFileReference; lastKnownFileType = sourcecode.swift; path = RegistrationFactory.swift; sourceTree = "<group>"; };
		750EF1FF2BC4E3010062C597 /* ListOfMoviesFactory.swift */ = {isa = PBXFileReference; lastKnownFileType = sourcecode.swift; path = ListOfMoviesFactory.swift; sourceTree = "<group>"; };
		750EF2012BC4EA270062C597 /* ListOfFavouritesFactory.swift */ = {isa = PBXFileReference; lastKnownFileType = sourcecode.swift; path = ListOfFavouritesFactory.swift; sourceTree = "<group>"; };
		750EF2032BC505110062C597 /* CustomSpinner.swift */ = {isa = PBXFileReference; lastKnownFileType = sourcecode.swift; path = CustomSpinner.swift; sourceTree = "<group>"; };
		750EF2152BC6683B0062C597 /* NetworkUtils.swift */ = {isa = PBXFileReference; lastKnownFileType = sourcecode.swift; path = NetworkUtils.swift; sourceTree = "<group>"; };
		750EF2172BC668550062C597 /* NetworkError.swift */ = {isa = PBXFileReference; lastKnownFileType = sourcecode.swift; path = NetworkError.swift; sourceTree = "<group>"; };
		752133662BB1696C00C17682 /* GoogleService-Info.plist */ = {isa = PBXFileReference; fileEncoding = 4; lastKnownFileType = text.plist.xml; path = "GoogleService-Info.plist"; sourceTree = "<group>"; };
		7521336E2BB294D400C17682 /* Constants.swift */ = {isa = PBXFileReference; lastKnownFileType = sourcecode.swift; path = Constants.swift; sourceTree = "<group>"; };
		752133712BB2B18600C17682 /* MovieDBModel.xcdatamodel */ = {isa = PBXFileReference; lastKnownFileType = wrapper.xcdatamodel; path = MovieDBModel.xcdatamodel; sourceTree = "<group>"; };
		752133742BB3E73C00C17682 /* CustomButton.swift */ = {isa = PBXFileReference; lastKnownFileType = sourcecode.swift; path = CustomButton.swift; sourceTree = "<group>"; };
		752133762BB3EA8100C17682 /* CustomTextField.swift */ = {isa = PBXFileReference; lastKnownFileType = sourcecode.swift; path = CustomTextField.swift; sourceTree = "<group>"; };
		752133782BB3EF5600C17682 /* GoToButton.swift */ = {isa = PBXFileReference; lastKnownFileType = sourcecode.swift; path = GoToButton.swift; sourceTree = "<group>"; };
		7521337B2BB3F3B900C17682 /* APIService.swift */ = {isa = PBXFileReference; lastKnownFileType = sourcecode.swift; path = APIService.swift; sourceTree = "<group>"; };
		7521337E2BB3F49A00C17682 /* LoginPresenter.swift */ = {isa = PBXFileReference; lastKnownFileType = sourcecode.swift; path = LoginPresenter.swift; sourceTree = "<group>"; };
		752133802BB3F4B300C17682 /* LoginInteractor.swift */ = {isa = PBXFileReference; lastKnownFileType = sourcecode.swift; path = LoginInteractor.swift; sourceTree = "<group>"; };
		752133852BB404F800C17682 /* LoginRouter.swift */ = {isa = PBXFileReference; lastKnownFileType = sourcecode.swift; path = LoginRouter.swift; sourceTree = "<group>"; };
		752946522BA8461400D4F8CB /* BPCinema.app */ = {isa = PBXFileReference; explicitFileType = wrapper.application; includeInIndex = 0; path = BPCinema.app; sourceTree = BUILT_PRODUCTS_DIR; };
		752946552BA8461400D4F8CB /* AppDelegate.swift */ = {isa = PBXFileReference; lastKnownFileType = sourcecode.swift; path = AppDelegate.swift; sourceTree = "<group>"; };
		752946572BA8461400D4F8CB /* SceneDelegate.swift */ = {isa = PBXFileReference; lastKnownFileType = sourcecode.swift; path = SceneDelegate.swift; sourceTree = "<group>"; };
		7529465E2BA8461600D4F8CB /* Assets.xcassets */ = {isa = PBXFileReference; lastKnownFileType = folder.assetcatalog; path = Assets.xcassets; sourceTree = "<group>"; };
		752946612BA8461600D4F8CB /* Base */ = {isa = PBXFileReference; lastKnownFileType = file.storyboard; name = Base; path = Base.lproj/LaunchScreen.storyboard; sourceTree = "<group>"; };
		752946632BA8461600D4F8CB /* Info.plist */ = {isa = PBXFileReference; lastKnownFileType = text.plist.xml; path = Info.plist; sourceTree = "<group>"; };
		7529466A2BA84F8C00D4F8CB /* ListOfMoviesViewController.swift */ = {isa = PBXFileReference; lastKnownFileType = sourcecode.swift; path = ListOfMoviesViewController.swift; sourceTree = "<group>"; };
		7529466C2BA84FA700D4F8CB /* ListOfMoviesPresenter.swift */ = {isa = PBXFileReference; lastKnownFileType = sourcecode.swift; path = ListOfMoviesPresenter.swift; sourceTree = "<group>"; };
		7529466E2BA84FCF00D4F8CB /* ListOfMoviesInteractor.swift */ = {isa = PBXFileReference; lastKnownFileType = sourcecode.swift; path = ListOfMoviesInteractor.swift; sourceTree = "<group>"; };
		752946702BA84FFA00D4F8CB /* ListOfMoviesRouter.swift */ = {isa = PBXFileReference; lastKnownFileType = sourcecode.swift; path = ListOfMoviesRouter.swift; sourceTree = "<group>"; };
		752946732BA855F200D4F8CB /* PopularMovieEntity.swift */ = {isa = PBXFileReference; lastKnownFileType = sourcecode.swift; path = PopularMovieEntity.swift; sourceTree = "<group>"; };
		752946752BA8573A00D4F8CB /* PopularMovieResponseEntity.swift */ = {isa = PBXFileReference; lastKnownFileType = sourcecode.swift; path = PopularMovieResponseEntity.swift; sourceTree = "<group>"; };
		752946772BA940CE00D4F8CB /* MovieCellView.swift */ = {isa = PBXFileReference; lastKnownFileType = sourcecode.swift; path = MovieCellView.swift; sourceTree = "<group>"; };
		7529467A2BA956DF00D4F8CB /* MovieViewModel.swift */ = {isa = PBXFileReference; lastKnownFileType = sourcecode.swift; path = MovieViewModel.swift; sourceTree = "<group>"; };
		7529467C2BA9598000D4F8CB /* Mapper.swift */ = {isa = PBXFileReference; lastKnownFileType = sourcecode.swift; path = Mapper.swift; sourceTree = "<group>"; };
		7529467F2BA99B5E00D4F8CB /* DetailMovieViewController.swift */ = {isa = PBXFileReference; lastKnownFileType = sourcecode.swift; path = DetailMovieViewController.swift; sourceTree = "<group>"; };
		752946812BA99B7100D4F8CB /* DetailPresenter.swift */ = {isa = PBXFileReference; lastKnownFileType = sourcecode.swift; path = DetailPresenter.swift; sourceTree = "<group>"; };
		752946832BA99B8C00D4F8CB /* DetailInteractor.swift */ = {isa = PBXFileReference; lastKnownFileType = sourcecode.swift; path = DetailInteractor.swift; sourceTree = "<group>"; };
		752946852BA99BA900D4F8CB /* DetailRouter.swift */ = {isa = PBXFileReference; lastKnownFileType = sourcecode.swift; path = DetailRouter.swift; sourceTree = "<group>"; };
		752946882BA99D0000D4F8CB /* DetailMovieEntity.swift */ = {isa = PBXFileReference; lastKnownFileType = sourcecode.swift; path = DetailMovieEntity.swift; sourceTree = "<group>"; };
		7529468B2BA9A14A00D4F8CB /* DetailMovieViewModel.swift */ = {isa = PBXFileReference; lastKnownFileType = sourcecode.swift; path = DetailMovieViewModel.swift; sourceTree = "<group>"; };
		7529468E2BA9A1BA00D4F8CB /* MapperDetailMovieViewModel.swift */ = {isa = PBXFileReference; lastKnownFileType = sourcecode.swift; path = MapperDetailMovieViewModel.swift; sourceTree = "<group>"; };
		75294BD62BB4209600E02E06 /* RegisterPresenter.swift */ = {isa = PBXFileReference; lastKnownFileType = sourcecode.swift; path = RegisterPresenter.swift; sourceTree = "<group>"; };
		75294BD82BB420A300E02E06 /* RegisterInteractor.swift */ = {isa = PBXFileReference; lastKnownFileType = sourcecode.swift; path = RegisterInteractor.swift; sourceTree = "<group>"; };
		75294BDA2BB420BB00E02E06 /* RegistrationRouter.swift */ = {isa = PBXFileReference; lastKnownFileType = sourcecode.swift; path = RegistrationRouter.swift; sourceTree = "<group>"; };
		757A8D102BB6765000E3DF74 /* ListOfFavouriteMoviesViewController.swift */ = {isa = PBXFileReference; lastKnownFileType = sourcecode.swift; path = ListOfFavouriteMoviesViewController.swift; sourceTree = "<group>"; };
		757A8D122BB6769900E3DF74 /* ListOfFavouritesPresenter.swift */ = {isa = PBXFileReference; lastKnownFileType = sourcecode.swift; path = ListOfFavouritesPresenter.swift; sourceTree = "<group>"; };
		757A8D142BB6773700E3DF74 /* ListOfFavouriteMoviesInteractor.swift */ = {isa = PBXFileReference; lastKnownFileType = sourcecode.swift; path = ListOfFavouriteMoviesInteractor.swift; sourceTree = "<group>"; };
		757A8D192BB67BA000E3DF74 /* ListOfFavouriteMoviesRouter.swift */ = {isa = PBXFileReference; lastKnownFileType = sourcecode.swift; path = ListOfFavouriteMoviesRouter.swift; sourceTree = "<group>"; };
		757A8D1E2BB6B23900E3DF74 /* DBFavouriteMovies.swift */ = {isa = PBXFileReference; lastKnownFileType = sourcecode.swift; path = DBFavouriteMovies.swift; sourceTree = "<group>"; };
		757A8D332BBAAC2100E3DF74 /* DBMovieModel.swift */ = {isa = PBXFileReference; lastKnownFileType = sourcecode.swift; path = DBMovieModel.swift; sourceTree = "<group>"; };
		757C3A632BC8F12400E1CCA3 /* Router.swift */ = {isa = PBXFileReference; lastKnownFileType = sourcecode.swift; path = Router.swift; sourceTree = "<group>"; };
		757C3A652BC8F15B00E1CCA3 /* Transition.swift */ = {isa = PBXFileReference; lastKnownFileType = sourcecode.swift; path = Transition.swift; sourceTree = "<group>"; };
		757C3A672BC8F19C00E1CCA3 /* PushTransition.swift */ = {isa = PBXFileReference; lastKnownFileType = sourcecode.swift; path = PushTransition.swift; sourceTree = "<group>"; };
		757C3A692BC8F1C100E1CCA3 /* Animator.swift */ = {isa = PBXFileReference; lastKnownFileType = sourcecode.swift; path = Animator.swift; sourceTree = "<group>"; };
		757C3A6B2BC8F3E300E1CCA3 /* MovieDetailsFactory.swift */ = {isa = PBXFileReference; lastKnownFileType = sourcecode.swift; path = MovieDetailsFactory.swift; sourceTree = "<group>"; };
		757C3A772BCCF90100E1CCA3 /* MovieListViewModel.swift */ = {isa = PBXFileReference; lastKnownFileType = sourcecode.swift; path = MovieListViewModel.swift; sourceTree = "<group>"; };
		7596F7552BAD74C60052D1B2 /* RegisterViewController.swift */ = {isa = PBXFileReference; lastKnownFileType = sourcecode.swift; path = RegisterViewController.swift; sourceTree = "<group>"; };
		7596F7572BAD7FF50052D1B2 /* DBMovie.swift */ = {isa = PBXFileReference; lastKnownFileType = sourcecode.swift; path = DBMovie.swift; sourceTree = "<group>"; };
		75F5250F2BAD4A0C00DFFC4B /* LoginViewController.swift */ = {isa = PBXFileReference; lastKnownFileType = sourcecode.swift; path = LoginViewController.swift; sourceTree = "<group>"; };
		79AC007DBEE8EA5D90860AF3 /* Pods_BPCinema.framework */ = {isa = PBXFileReference; explicitFileType = wrapper.framework; includeInIndex = 0; path = Pods_BPCinema.framework; sourceTree = BUILT_PRODUCTS_DIR; };
		95ED11D7E949EBC14377EA6F /* Pods-BPCinema.debug.xcconfig */ = {isa = PBXFileReference; includeInIndex = 1; lastKnownFileType = text.xcconfig; name = "Pods-BPCinema.debug.xcconfig"; path = "Target Support Files/Pods-BPCinema/Pods-BPCinema.debug.xcconfig"; sourceTree = "<group>"; };
		F87C9A324694AC80D86A7CBA /* Pods-BPCinema.release.xcconfig */ = {isa = PBXFileReference; includeInIndex = 1; lastKnownFileType = text.xcconfig; name = "Pods-BPCinema.release.xcconfig"; path = "Target Support Files/Pods-BPCinema/Pods-BPCinema.release.xcconfig"; sourceTree = "<group>"; };
/* End PBXFileReference section */

/* Begin PBXFrameworksBuildPhase section */
		7529464F2BA8461400D4F8CB /* Frameworks */ = {
			isa = PBXFrameworksBuildPhase;
			buildActionMask = 2147483647;
			files = (
				757A8D322BBA9DFC00E3DF74 /* RealmSwift in Frameworks */,
				757A8D302BBA9DFC00E3DF74 /* Realm in Frameworks */,
				757C3A622BC8E3A400E1CCA3 /* PinLayout in Frameworks */,
				4284D37A929892F212AE8DFB /* Pods_BPCinema.framework in Frameworks */,
			);
			runOnlyForDeploymentPostprocessing = 0;
		};
/* End PBXFrameworksBuildPhase section */

/* Begin PBXGroup section */
		17066A136A8A89AC72F86675 /* Frameworks */ = {
			isa = PBXGroup;
			children = (
				79AC007DBEE8EA5D90860AF3 /* Pods_BPCinema.framework */,
			);
			name = Frameworks;
			sourceTree = "<group>";
		};
		750EF1FA2BC3BE540062C597 /* MovieTabBar */ = {
			isa = PBXGroup;
			children = (
				750EF1FB2BC3BE840062C597 /* MovieTabBar.swift */,
			);
			path = MovieTabBar;
			sourceTree = "<group>";
		};
		752133732BB3E70900C17682 /* UIComponents */ = {
			isa = PBXGroup;
			children = (
				752133742BB3E73C00C17682 /* CustomButton.swift */,
				752133762BB3EA8100C17682 /* CustomTextField.swift */,
				752133782BB3EF5600C17682 /* GoToButton.swift */,
				750EF2032BC505110062C597 /* CustomSpinner.swift */,
			);
			path = UIComponents;
			sourceTree = "<group>";
		};
		752946492BA8461400D4F8CB = {
			isa = PBXGroup;
			children = (
				752946542BA8461400D4F8CB /* BPCinema */,
				752946532BA8461400D4F8CB /* Products */,
				82D7DC47B27B4087E5D53381 /* Pods */,
				17066A136A8A89AC72F86675 /* Frameworks */,
			);
			sourceTree = "<group>";
		};
		752946532BA8461400D4F8CB /* Products */ = {
			isa = PBXGroup;
			children = (
				752946522BA8461400D4F8CB /* BPCinema.app */,
			);
			name = Products;
			sourceTree = "<group>";
		};
		752946542BA8461400D4F8CB /* BPCinema */ = {
			isa = PBXGroup;
			children = (
				759270CD2BBFBF5000559D23 /* NetworkService */,
				752133732BB3E70900C17682 /* UIComponents */,
				75F525022BAD278B00DFFC4B /* MovieDB */,
				757A8D0D2BB5B4AC00E3DF74 /* Login */,
				757A8D0E2BB5B4BB00E3DF74 /* Registration */,
				750EF1FA2BC3BE540062C597 /* MovieTabBar */,
				7529467E2BA99B1800D4F8CB /* DetailMovie */,
				752946692BA84F5100D4F8CB /* ListOfMovies */,
				757A8D0F2BB6759B00E3DF74 /* ListOfFavourites */,
				752946552BA8461400D4F8CB /* AppDelegate.swift */,
				752946572BA8461400D4F8CB /* SceneDelegate.swift */,
				752946632BA8461600D4F8CB /* Info.plist */,
				7529465E2BA8461600D4F8CB /* Assets.xcassets */,
				752946602BA8461600D4F8CB /* LaunchScreen.storyboard */,
				752133662BB1696C00C17682 /* GoogleService-Info.plist */,
				757C3A632BC8F12400E1CCA3 /* Router.swift */,
				757C3A652BC8F15B00E1CCA3 /* Transition.swift */,
				757C3A672BC8F19C00E1CCA3 /* PushTransition.swift */,
				757C3A692BC8F1C100E1CCA3 /* Animator.swift */,
			);
			path = BPCinema;
			sourceTree = "<group>";
		};
		752946692BA84F5100D4F8CB /* ListOfMovies */ = {
			isa = PBXGroup;
			children = (
				750EF1FF2BC4E3010062C597 /* ListOfMoviesFactory.swift */,
				752946792BA956C900D4F8CB /* ViewModel */,
				7529466A2BA84F8C00D4F8CB /* ListOfMoviesViewController.swift */,
				7529466C2BA84FA700D4F8CB /* ListOfMoviesPresenter.swift */,
				7529466E2BA84FCF00D4F8CB /* ListOfMoviesInteractor.swift */,
				752946702BA84FFA00D4F8CB /* ListOfMoviesRouter.swift */,
				752946772BA940CE00D4F8CB /* MovieCellView.swift */,
				752946722BA8500E00D4F8CB /* Entities */,
			);
			path = ListOfMovies;
			sourceTree = "<group>";
		};
		752946722BA8500E00D4F8CB /* Entities */ = {
			isa = PBXGroup;
			children = (
				752946732BA855F200D4F8CB /* PopularMovieEntity.swift */,
				752946752BA8573A00D4F8CB /* PopularMovieResponseEntity.swift */,
			);
			path = Entities;
			sourceTree = "<group>";
		};
		752946792BA956C900D4F8CB /* ViewModel */ = {
			isa = PBXGroup;
			children = (
				7529467A2BA956DF00D4F8CB /* MovieViewModel.swift */,
				7529467C2BA9598000D4F8CB /* Mapper.swift */,
				757C3A772BCCF90100E1CCA3 /* MovieListViewModel.swift */,
			);
			path = ViewModel;
			sourceTree = "<group>";
		};
		7529467E2BA99B1800D4F8CB /* DetailMovie */ = {
			isa = PBXGroup;
			children = (
				7529468A2BA9A13600D4F8CB /* ViewModel */,
				7529467F2BA99B5E00D4F8CB /* DetailMovieViewController.swift */,
				752946812BA99B7100D4F8CB /* DetailPresenter.swift */,
				752946832BA99B8C00D4F8CB /* DetailInteractor.swift */,
				752946852BA99BA900D4F8CB /* DetailRouter.swift */,
				752946872BA99BD600D4F8CB /* Entities */,
				7521336E2BB294D400C17682 /* Constants.swift */,
				757C3A6B2BC8F3E300E1CCA3 /* MovieDetailsFactory.swift */,
			);
			path = DetailMovie;
			sourceTree = "<group>";
		};
		752946872BA99BD600D4F8CB /* Entities */ = {
			isa = PBXGroup;
			children = (
				752946882BA99D0000D4F8CB /* DetailMovieEntity.swift */,
			);
			path = Entities;
			sourceTree = "<group>";
		};
		7529468A2BA9A13600D4F8CB /* ViewModel */ = {
			isa = PBXGroup;
			children = (
				7529468B2BA9A14A00D4F8CB /* DetailMovieViewModel.swift */,
				7529468E2BA9A1BA00D4F8CB /* MapperDetailMovieViewModel.swift */,
			);
			path = ViewModel;
			sourceTree = "<group>";
		};
		757A8D0D2BB5B4AC00E3DF74 /* Login */ = {
			isa = PBXGroup;
			children = (
				750EF1F82BC3B39C0062C597 /* LoginFactory.swift */,
				75F5250F2BAD4A0C00DFFC4B /* LoginViewController.swift */,
				7521337E2BB3F49A00C17682 /* LoginPresenter.swift */,
				752133802BB3F4B300C17682 /* LoginInteractor.swift */,
				752133852BB404F800C17682 /* LoginRouter.swift */,
			);
			path = Login;
			sourceTree = "<group>";
		};
		757A8D0E2BB5B4BB00E3DF74 /* Registration */ = {
			isa = PBXGroup;
			children = (
				750EF1FD2BC3E61D0062C597 /* RegistrationFactory.swift */,
				7596F7552BAD74C60052D1B2 /* RegisterViewController.swift */,
				75294BD62BB4209600E02E06 /* RegisterPresenter.swift */,
				75294BD82BB420A300E02E06 /* RegisterInteractor.swift */,
				75294BDA2BB420BB00E02E06 /* RegistrationRouter.swift */,
			);
			path = Registration;
			sourceTree = "<group>";
		};
		757A8D0F2BB6759B00E3DF74 /* ListOfFavourites */ = {
			isa = PBXGroup;
			children = (
				750EF2012BC4EA270062C597 /* ListOfFavouritesFactory.swift */,
				757A8D102BB6765000E3DF74 /* ListOfFavouriteMoviesViewController.swift */,
				757A8D122BB6769900E3DF74 /* ListOfFavouritesPresenter.swift */,
				757A8D142BB6773700E3DF74 /* ListOfFavouriteMoviesInteractor.swift */,
				757A8D192BB67BA000E3DF74 /* ListOfFavouriteMoviesRouter.swift */,
			);
			path = ListOfFavourites;
			sourceTree = "<group>";
		};
		757A8D352BBBC20D00E3DF74 /* CoreData */ = {
			isa = PBXGroup;
			children = (
				7596F7572BAD7FF50052D1B2 /* DBMovie.swift */,
				757A8D1E2BB6B23900E3DF74 /* DBFavouriteMovies.swift */,
				752133702BB2B18600C17682 /* MovieDBModel.xcdatamodeld */,
			);
			path = CoreData;
			sourceTree = "<group>";
		};
		759270CD2BBFBF5000559D23 /* NetworkService */ = {
			isa = PBXGroup;
			children = (
				7521337B2BB3F3B900C17682 /* APIService.swift */,
				750EF2152BC6683B0062C597 /* NetworkUtils.swift */,
				750EF2172BC668550062C597 /* NetworkError.swift */,
			);
			path = NetworkService;
			sourceTree = "<group>";
		};
		75F525022BAD278B00DFFC4B /* MovieDB */ = {
			isa = PBXGroup;
			children = (
				757A8D352BBBC20D00E3DF74 /* CoreData */,
				750864162BB06E6400A2AEBF /* DBManager.swift */,
				757A8D332BBAAC2100E3DF74 /* DBMovieModel.swift */,
			);
			path = MovieDB;
			sourceTree = "<group>";
		};
		82D7DC47B27B4087E5D53381 /* Pods */ = {
			isa = PBXGroup;
			children = (
				95ED11D7E949EBC14377EA6F /* Pods-BPCinema.debug.xcconfig */,
				F87C9A324694AC80D86A7CBA /* Pods-BPCinema.release.xcconfig */,
			);
			path = Pods;
			sourceTree = "<group>";
		};
/* End PBXGroup section */

/* Begin PBXNativeTarget section */
		752946512BA8461400D4F8CB /* BPCinema */ = {
			isa = PBXNativeTarget;
			buildConfigurationList = 752946662BA8461600D4F8CB /* Build configuration list for PBXNativeTarget "BPCinema" */;
			buildPhases = (
				29035415F66680F4D57130C0 /* [CP] Check Pods Manifest.lock */,
				7529464E2BA8461400D4F8CB /* Sources */,
				7529464F2BA8461400D4F8CB /* Frameworks */,
				752946502BA8461400D4F8CB /* Resources */,
				9FFF3A17B536D8663A8D0176 /* [CP] Embed Pods Frameworks */,
			);
			buildRules = (
			);
			dependencies = (
			);
			name = BPCinema;
			packageProductDependencies = (
				757A8D2F2BBA9DFC00E3DF74 /* Realm */,
				757A8D312BBA9DFC00E3DF74 /* RealmSwift */,
				757C3A612BC8E3A400E1CCA3 /* PinLayout */,
			);
			productName = BPCinema;
			productReference = 752946522BA8461400D4F8CB /* BPCinema.app */;
			productType = "com.apple.product-type.application";
		};
/* End PBXNativeTarget section */

/* Begin PBXProject section */
		7529464A2BA8461400D4F8CB /* Project object */ = {
			isa = PBXProject;
			attributes = {
				BuildIndependentTargetsInParallel = 1;
				LastSwiftUpdateCheck = 1530;
				LastUpgradeCheck = 1530;
				TargetAttributes = {
					752946512BA8461400D4F8CB = {
						CreatedOnToolsVersion = 15.3;
					};
				};
			};
			buildConfigurationList = 7529464D2BA8461400D4F8CB /* Build configuration list for PBXProject "BPCinema" */;
			compatibilityVersion = "Xcode 14.0";
			developmentRegion = en;
			hasScannedForEncodings = 0;
			knownRegions = (
				en,
				Base,
			);
			mainGroup = 752946492BA8461400D4F8CB;
			packageReferences = (
				757A8D2E2BBA9DFC00E3DF74 /* XCRemoteSwiftPackageReference "realm-swift" */,
				757C3A602BC8E3A400E1CCA3 /* XCRemoteSwiftPackageReference "PinLayout" */,
			);
			productRefGroup = 752946532BA8461400D4F8CB /* Products */;
			projectDirPath = "";
			projectRoot = "";
			targets = (
				752946512BA8461400D4F8CB /* BPCinema */,
			);
		};
/* End PBXProject section */

/* Begin PBXResourcesBuildPhase section */
		752946502BA8461400D4F8CB /* Resources */ = {
			isa = PBXResourcesBuildPhase;
			buildActionMask = 2147483647;
			files = (
				7529465F2BA8461600D4F8CB /* Assets.xcassets in Resources */,
				752946622BA8461600D4F8CB /* Base in Resources */,
				752133672BB1696C00C17682 /* GoogleService-Info.plist in Resources */,
			);
			runOnlyForDeploymentPostprocessing = 0;
		};
/* End PBXResourcesBuildPhase section */

/* Begin PBXShellScriptBuildPhase section */
		29035415F66680F4D57130C0 /* [CP] Check Pods Manifest.lock */ = {
			isa = PBXShellScriptBuildPhase;
			buildActionMask = 2147483647;
			files = (
			);
			inputFileListPaths = (
			);
			inputPaths = (
				"${PODS_PODFILE_DIR_PATH}/Podfile.lock",
				"${PODS_ROOT}/Manifest.lock",
			);
			name = "[CP] Check Pods Manifest.lock";
			outputFileListPaths = (
			);
			outputPaths = (
				"$(DERIVED_FILE_DIR)/Pods-BPCinema-checkManifestLockResult.txt",
			);
			runOnlyForDeploymentPostprocessing = 0;
			shellPath = /bin/sh;
			shellScript = "diff \"${PODS_PODFILE_DIR_PATH}/Podfile.lock\" \"${PODS_ROOT}/Manifest.lock\" > /dev/null\nif [ $? != 0 ] ; then\n    # print error to STDERR\n    echo \"error: The sandbox is not in sync with the Podfile.lock. Run 'pod install' or update your CocoaPods installation.\" >&2\n    exit 1\nfi\n# This output is used by Xcode 'outputs' to avoid re-running this script phase.\necho \"SUCCESS\" > \"${SCRIPT_OUTPUT_FILE_0}\"\n";
			showEnvVarsInLog = 0;
		};
		9FFF3A17B536D8663A8D0176 /* [CP] Embed Pods Frameworks */ = {
			isa = PBXShellScriptBuildPhase;
			buildActionMask = 2147483647;
			files = (
			);
			inputFileListPaths = (
				"${PODS_ROOT}/Target Support Files/Pods-BPCinema/Pods-BPCinema-frameworks-${CONFIGURATION}-input-files.xcfilelist",
			);
			name = "[CP] Embed Pods Frameworks";
			outputFileListPaths = (
				"${PODS_ROOT}/Target Support Files/Pods-BPCinema/Pods-BPCinema-frameworks-${CONFIGURATION}-output-files.xcfilelist",
			);
			runOnlyForDeploymentPostprocessing = 0;
			shellPath = /bin/sh;
			shellScript = "\"${PODS_ROOT}/Target Support Files/Pods-BPCinema/Pods-BPCinema-frameworks.sh\"\n";
			showEnvVarsInLog = 0;
		};
/* End PBXShellScriptBuildPhase section */

/* Begin PBXSourcesBuildPhase section */
		7529464E2BA8461400D4F8CB /* Sources */ = {
			isa = PBXSourcesBuildPhase;
			buildActionMask = 2147483647;
			files = (
				750EF1F92BC3B39C0062C597 /* LoginFactory.swift in Sources */,
				752133792BB3EF5600C17682 /* GoToButton.swift in Sources */,
				752133752BB3E73D00C17682 /* CustomButton.swift in Sources */,
				757A8D152BB6773700E3DF74 /* ListOfFavouriteMoviesInteractor.swift in Sources */,
				7521337C2BB3F3B900C17682 /* APIService.swift in Sources */,
				7521336F2BB294D400C17682 /* Constants.swift in Sources */,
				750EF1FC2BC3BE840062C597 /* MovieTabBar.swift in Sources */,
				75F525102BAD4A0C00DFFC4B /* LoginViewController.swift in Sources */,
				7596F7582BAD7FF50052D1B2 /* DBMovie.swift in Sources */,
				7529466B2BA84F8C00D4F8CB /* ListOfMoviesViewController.swift in Sources */,
				757C3A682BC8F19C00E1CCA3 /* PushTransition.swift in Sources */,
				757C3A662BC8F15B00E1CCA3 /* Transition.swift in Sources */,
				752946862BA99BA900D4F8CB /* DetailRouter.swift in Sources */,
				757A8D1A2BB67BA000E3DF74 /* ListOfFavouriteMoviesRouter.swift in Sources */,
				750EF2162BC6683B0062C597 /* NetworkUtils.swift in Sources */,
				752133722BB2B18600C17682 /* MovieDBModel.xcdatamodeld in Sources */,
				750864172BB06E6400A2AEBF /* DBManager.swift in Sources */,
				757C3A782BCCF90100E1CCA3 /* MovieListViewModel.swift in Sources */,
				752133772BB3EA8100C17682 /* CustomTextField.swift in Sources */,
				7596F7562BAD74C60052D1B2 /* RegisterViewController.swift in Sources */,
				750EF2002BC4E3010062C597 /* ListOfMoviesFactory.swift in Sources */,
				757C3A6A2BC8F1C100E1CCA3 /* Animator.swift in Sources */,
				757A8D1F2BB6B23900E3DF74 /* DBFavouriteMovies.swift in Sources */,
				7529468F2BA9A1BA00D4F8CB /* MapperDetailMovieViewModel.swift in Sources */,
				7521337F2BB3F49A00C17682 /* LoginPresenter.swift in Sources */,
				752133862BB404F800C17682 /* LoginRouter.swift in Sources */,
				757A8D132BB6769900E3DF74 /* ListOfFavouritesPresenter.swift in Sources */,
				75294BD72BB4209600E02E06 /* RegisterPresenter.swift in Sources */,
				7529466F2BA84FCF00D4F8CB /* ListOfMoviesInteractor.swift in Sources */,
				7529468C2BA9A14A00D4F8CB /* DetailMovieViewModel.swift in Sources */,
				750EF1FE2BC3E61D0062C597 /* RegistrationFactory.swift in Sources */,
				757C3A6C2BC8F3E300E1CCA3 /* MovieDetailsFactory.swift in Sources */,
				75294BDB2BB420BB00E02E06 /* RegistrationRouter.swift in Sources */,
				752946782BA940CE00D4F8CB /* MovieCellView.swift in Sources */,
				750EF2042BC505110062C597 /* CustomSpinner.swift in Sources */,
				757A8D342BBAAC2100E3DF74 /* DBMovieModel.swift in Sources */,
				7529467D2BA9598000D4F8CB /* Mapper.swift in Sources */,
				752946892BA99D0000D4F8CB /* DetailMovieEntity.swift in Sources */,
				750EF2182BC668550062C597 /* NetworkError.swift in Sources */,
				752946822BA99B7100D4F8CB /* DetailPresenter.swift in Sources */,
				752946842BA99B8C00D4F8CB /* DetailInteractor.swift in Sources */,
				752946742BA855F200D4F8CB /* PopularMovieEntity.swift in Sources */,
				7529466D2BA84FA700D4F8CB /* ListOfMoviesPresenter.swift in Sources */,
				757C3A642BC8F12400E1CCA3 /* Router.swift in Sources */,
				752946802BA99B5E00D4F8CB /* DetailMovieViewController.swift in Sources */,
				752946712BA84FFA00D4F8CB /* ListOfMoviesRouter.swift in Sources */,
				757A8D112BB6765000E3DF74 /* ListOfFavouriteMoviesViewController.swift in Sources */,
				752946562BA8461400D4F8CB /* AppDelegate.swift in Sources */,
				752133812BB3F4B300C17682 /* LoginInteractor.swift in Sources */,
				7529467B2BA956DF00D4F8CB /* MovieViewModel.swift in Sources */,
				75294BD92BB420A300E02E06 /* RegisterInteractor.swift in Sources */,
				752946762BA8573A00D4F8CB /* PopularMovieResponseEntity.swift in Sources */,
				750EF2022BC4EA270062C597 /* ListOfFavouritesFactory.swift in Sources */,
				752946582BA8461400D4F8CB /* SceneDelegate.swift in Sources */,
			);
			runOnlyForDeploymentPostprocessing = 0;
		};
/* End PBXSourcesBuildPhase section */

/* Begin PBXVariantGroup section */
		752946602BA8461600D4F8CB /* LaunchScreen.storyboard */ = {
			isa = PBXVariantGroup;
			children = (
				752946612BA8461600D4F8CB /* Base */,
			);
			name = LaunchScreen.storyboard;
			sourceTree = "<group>";
		};
/* End PBXVariantGroup section */

/* Begin XCBuildConfiguration section */
		752946642BA8461600D4F8CB /* Debug */ = {
			isa = XCBuildConfiguration;
			buildSettings = {
				ALWAYS_SEARCH_USER_PATHS = NO;
				ASSETCATALOG_COMPILER_GENERATE_SWIFT_ASSET_SYMBOL_EXTENSIONS = YES;
				CLANG_ANALYZER_NONNULL = YES;
				CLANG_ANALYZER_NUMBER_OBJECT_CONVERSION = YES_AGGRESSIVE;
				CLANG_CXX_LANGUAGE_STANDARD = "gnu++20";
				CLANG_ENABLE_MODULES = YES;
				CLANG_ENABLE_OBJC_ARC = YES;
				CLANG_ENABLE_OBJC_WEAK = YES;
				CLANG_WARN_BLOCK_CAPTURE_AUTORELEASING = YES;
				CLANG_WARN_BOOL_CONVERSION = YES;
				CLANG_WARN_COMMA = YES;
				CLANG_WARN_CONSTANT_CONVERSION = YES;
				CLANG_WARN_DEPRECATED_OBJC_IMPLEMENTATIONS = YES;
				CLANG_WARN_DIRECT_OBJC_ISA_USAGE = YES_ERROR;
				CLANG_WARN_DOCUMENTATION_COMMENTS = YES;
				CLANG_WARN_EMPTY_BODY = YES;
				CLANG_WARN_ENUM_CONVERSION = YES;
				CLANG_WARN_INFINITE_RECURSION = YES;
				CLANG_WARN_INT_CONVERSION = YES;
				CLANG_WARN_NON_LITERAL_NULL_CONVERSION = YES;
				CLANG_WARN_OBJC_IMPLICIT_RETAIN_SELF = YES;
				CLANG_WARN_OBJC_LITERAL_CONVERSION = YES;
				CLANG_WARN_OBJC_ROOT_CLASS = YES_ERROR;
				CLANG_WARN_QUOTED_INCLUDE_IN_FRAMEWORK_HEADER = YES;
				CLANG_WARN_RANGE_LOOP_ANALYSIS = YES;
				CLANG_WARN_STRICT_PROTOTYPES = YES;
				CLANG_WARN_SUSPICIOUS_MOVE = YES;
				CLANG_WARN_UNGUARDED_AVAILABILITY = YES_AGGRESSIVE;
				CLANG_WARN_UNREACHABLE_CODE = YES;
				CLANG_WARN__DUPLICATE_METHOD_MATCH = YES;
				COPY_PHASE_STRIP = NO;
				DEBUG_INFORMATION_FORMAT = dwarf;
				ENABLE_STRICT_OBJC_MSGSEND = YES;
				ENABLE_TESTABILITY = YES;
				ENABLE_USER_SCRIPT_SANDBOXING = NO;
				GCC_C_LANGUAGE_STANDARD = gnu17;
				GCC_DYNAMIC_NO_PIC = NO;
				GCC_NO_COMMON_BLOCKS = YES;
				GCC_OPTIMIZATION_LEVEL = 0;
				GCC_PREPROCESSOR_DEFINITIONS = (
					"DEBUG=1",
					"$(inherited)",
				);
				GCC_WARN_64_TO_32_BIT_CONVERSION = YES;
				GCC_WARN_ABOUT_RETURN_TYPE = YES_ERROR;
				GCC_WARN_UNDECLARED_SELECTOR = YES;
				GCC_WARN_UNINITIALIZED_AUTOS = YES_AGGRESSIVE;
				GCC_WARN_UNUSED_FUNCTION = YES;
				GCC_WARN_UNUSED_VARIABLE = YES;
				IPHONEOS_DEPLOYMENT_TARGET = 15.0;
				LOCALIZATION_PREFERS_STRING_CATALOGS = YES;
				MTL_ENABLE_DEBUG_INFO = INCLUDE_SOURCE;
				MTL_FAST_MATH = YES;
				ONLY_ACTIVE_ARCH = NO;
				SDKROOT = iphoneos;
				SWIFT_ACTIVE_COMPILATION_CONDITIONS = "DEBUG $(inherited)";
				SWIFT_OPTIMIZATION_LEVEL = "-Onone";
			};
			name = Debug;
		};
		752946652BA8461600D4F8CB /* Release */ = {
			isa = XCBuildConfiguration;
			buildSettings = {
				ALWAYS_SEARCH_USER_PATHS = NO;
				ASSETCATALOG_COMPILER_GENERATE_SWIFT_ASSET_SYMBOL_EXTENSIONS = YES;
				CLANG_ANALYZER_NONNULL = YES;
				CLANG_ANALYZER_NUMBER_OBJECT_CONVERSION = YES_AGGRESSIVE;
				CLANG_CXX_LANGUAGE_STANDARD = "gnu++20";
				CLANG_ENABLE_MODULES = YES;
				CLANG_ENABLE_OBJC_ARC = YES;
				CLANG_ENABLE_OBJC_WEAK = YES;
				CLANG_WARN_BLOCK_CAPTURE_AUTORELEASING = YES;
				CLANG_WARN_BOOL_CONVERSION = YES;
				CLANG_WARN_COMMA = YES;
				CLANG_WARN_CONSTANT_CONVERSION = YES;
				CLANG_WARN_DEPRECATED_OBJC_IMPLEMENTATIONS = YES;
				CLANG_WARN_DIRECT_OBJC_ISA_USAGE = YES_ERROR;
				CLANG_WARN_DOCUMENTATION_COMMENTS = YES;
				CLANG_WARN_EMPTY_BODY = YES;
				CLANG_WARN_ENUM_CONVERSION = YES;
				CLANG_WARN_INFINITE_RECURSION = YES;
				CLANG_WARN_INT_CONVERSION = YES;
				CLANG_WARN_NON_LITERAL_NULL_CONVERSION = YES;
				CLANG_WARN_OBJC_IMPLICIT_RETAIN_SELF = YES;
				CLANG_WARN_OBJC_LITERAL_CONVERSION = YES;
				CLANG_WARN_OBJC_ROOT_CLASS = YES_ERROR;
				CLANG_WARN_QUOTED_INCLUDE_IN_FRAMEWORK_HEADER = YES;
				CLANG_WARN_RANGE_LOOP_ANALYSIS = YES;
				CLANG_WARN_STRICT_PROTOTYPES = YES;
				CLANG_WARN_SUSPICIOUS_MOVE = YES;
				CLANG_WARN_UNGUARDED_AVAILABILITY = YES_AGGRESSIVE;
				CLANG_WARN_UNREACHABLE_CODE = YES;
				CLANG_WARN__DUPLICATE_METHOD_MATCH = YES;
				COPY_PHASE_STRIP = NO;
				DEBUG_INFORMATION_FORMAT = "dwarf-with-dsym";
				ENABLE_NS_ASSERTIONS = NO;
				ENABLE_STRICT_OBJC_MSGSEND = YES;
				ENABLE_USER_SCRIPT_SANDBOXING = NO;
				GCC_C_LANGUAGE_STANDARD = gnu17;
				GCC_NO_COMMON_BLOCKS = YES;
				GCC_WARN_64_TO_32_BIT_CONVERSION = YES;
				GCC_WARN_ABOUT_RETURN_TYPE = YES_ERROR;
				GCC_WARN_UNDECLARED_SELECTOR = YES;
				GCC_WARN_UNINITIALIZED_AUTOS = YES_AGGRESSIVE;
				GCC_WARN_UNUSED_FUNCTION = YES;
				GCC_WARN_UNUSED_VARIABLE = YES;
				IPHONEOS_DEPLOYMENT_TARGET = 15.0;
				LOCALIZATION_PREFERS_STRING_CATALOGS = YES;
				MTL_ENABLE_DEBUG_INFO = NO;
				MTL_FAST_MATH = YES;
				SDKROOT = iphoneos;
				SWIFT_COMPILATION_MODE = wholemodule;
				VALIDATE_PRODUCT = YES;
			};
			name = Release;
		};
		752946672BA8461600D4F8CB /* Debug */ = {
			isa = XCBuildConfiguration;
			baseConfigurationReference = 95ED11D7E949EBC14377EA6F /* Pods-BPCinema.debug.xcconfig */;
			buildSettings = {
				ASSETCATALOG_COMPILER_APPICON_NAME = AppIcon;
				ASSETCATALOG_COMPILER_GLOBAL_ACCENT_COLOR_NAME = AccentColor;
				CODE_SIGN_STYLE = Automatic;
				CURRENT_PROJECT_VERSION = 1;
				DEVELOPMENT_TEAM = S7DZ5Y7M7U;
				GENERATE_INFOPLIST_FILE = YES;
				INFOPLIST_FILE = BPCinema/Info.plist;
				INFOPLIST_KEY_UIApplicationSupportsIndirectInputEvents = YES;
				INFOPLIST_KEY_UILaunchStoryboardName = LaunchScreen;
				INFOPLIST_KEY_UISupportedInterfaceOrientations_iPad = "UIInterfaceOrientationPortrait UIInterfaceOrientationPortraitUpsideDown UIInterfaceOrientationLandscapeLeft UIInterfaceOrientationLandscapeRight";
				INFOPLIST_KEY_UISupportedInterfaceOrientations_iPhone = "UIInterfaceOrientationPortrait UIInterfaceOrientationLandscapeLeft UIInterfaceOrientationLandscapeRight";
				IPHONEOS_DEPLOYMENT_TARGET = 15.1;
				LD_RUNPATH_SEARCH_PATHS = (
					"$(inherited)",
					"@executable_path/Frameworks",
				);
				MARKETING_VERSION = 1.0;
				PRODUCT_BUNDLE_IDENTIFIER = com.Test.BPCinema;
				PRODUCT_NAME = "$(TARGET_NAME)";
				SWIFT_EMIT_LOC_STRINGS = YES;
				SWIFT_VERSION = 5.0;
				TARGETED_DEVICE_FAMILY = "1,2";
			};
			name = Debug;
		};
		752946682BA8461600D4F8CB /* Release */ = {
			isa = XCBuildConfiguration;
			baseConfigurationReference = F87C9A324694AC80D86A7CBA /* Pods-BPCinema.release.xcconfig */;
			buildSettings = {
				ASSETCATALOG_COMPILER_APPICON_NAME = AppIcon;
				ASSETCATALOG_COMPILER_GLOBAL_ACCENT_COLOR_NAME = AccentColor;
				CODE_SIGN_STYLE = Automatic;
				CURRENT_PROJECT_VERSION = 1;
				DEVELOPMENT_TEAM = S7DZ5Y7M7U;
				GENERATE_INFOPLIST_FILE = YES;
				INFOPLIST_FILE = BPCinema/Info.plist;
				INFOPLIST_KEY_UIApplicationSupportsIndirectInputEvents = YES;
				INFOPLIST_KEY_UILaunchStoryboardName = LaunchScreen;
				INFOPLIST_KEY_UISupportedInterfaceOrientations_iPad = "UIInterfaceOrientationPortrait UIInterfaceOrientationPortraitUpsideDown UIInterfaceOrientationLandscapeLeft UIInterfaceOrientationLandscapeRight";
				INFOPLIST_KEY_UISupportedInterfaceOrientations_iPhone = "UIInterfaceOrientationPortrait UIInterfaceOrientationLandscapeLeft UIInterfaceOrientationLandscapeRight";
				IPHONEOS_DEPLOYMENT_TARGET = 15.1;
				LD_RUNPATH_SEARCH_PATHS = (
					"$(inherited)",
					"@executable_path/Frameworks",
				);
				MARKETING_VERSION = 1.0;
				PRODUCT_BUNDLE_IDENTIFIER = com.Test.BPCinema;
				PRODUCT_NAME = "$(TARGET_NAME)";
				SWIFT_EMIT_LOC_STRINGS = YES;
				SWIFT_VERSION = 5.0;
				TARGETED_DEVICE_FAMILY = "1,2";
			};
			name = Release;
		};
/* End XCBuildConfiguration section */

/* Begin XCConfigurationList section */
		7529464D2BA8461400D4F8CB /* Build configuration list for PBXProject "BPCinema" */ = {
			isa = XCConfigurationList;
			buildConfigurations = (
				752946642BA8461600D4F8CB /* Debug */,
				752946652BA8461600D4F8CB /* Release */,
			);
			defaultConfigurationIsVisible = 0;
			defaultConfigurationName = Release;
		};
		752946662BA8461600D4F8CB /* Build configuration list for PBXNativeTarget "BPCinema" */ = {
			isa = XCConfigurationList;
			buildConfigurations = (
				752946672BA8461600D4F8CB /* Debug */,
				752946682BA8461600D4F8CB /* Release */,
			);
			defaultConfigurationIsVisible = 0;
			defaultConfigurationName = Release;
		};
/* End XCConfigurationList section */

/* Begin XCRemoteSwiftPackageReference section */
		757A8D2E2BBA9DFC00E3DF74 /* XCRemoteSwiftPackageReference "realm-swift" */ = {
			isa = XCRemoteSwiftPackageReference;
			repositoryURL = "https://github.com/realm/realm-swift";
			requirement = {
				branch = master;
				kind = branch;
			};
		};
		757C3A602BC8E3A400E1CCA3 /* XCRemoteSwiftPackageReference "PinLayout" */ = {
			isa = XCRemoteSwiftPackageReference;
			repositoryURL = "https://github.com/layoutBox/PinLayout";
			requirement = {
				kind = upToNextMajorVersion;
				minimumVersion = 1.10.5;
			};
		};
/* End XCRemoteSwiftPackageReference section */

/* Begin XCSwiftPackageProductDependency section */
		757A8D2F2BBA9DFC00E3DF74 /* Realm */ = {
			isa = XCSwiftPackageProductDependency;
			package = 757A8D2E2BBA9DFC00E3DF74 /* XCRemoteSwiftPackageReference "realm-swift" */;
			productName = Realm;
		};
		757A8D312BBA9DFC00E3DF74 /* RealmSwift */ = {
			isa = XCSwiftPackageProductDependency;
			package = 757A8D2E2BBA9DFC00E3DF74 /* XCRemoteSwiftPackageReference "realm-swift" */;
			productName = RealmSwift;
		};
		757C3A612BC8E3A400E1CCA3 /* PinLayout */ = {
			isa = XCSwiftPackageProductDependency;
			package = 757C3A602BC8E3A400E1CCA3 /* XCRemoteSwiftPackageReference "PinLayout" */;
			productName = PinLayout;
		};
/* End XCSwiftPackageProductDependency section */

/* Begin XCVersionGroup section */
		752133702BB2B18600C17682 /* MovieDBModel.xcdatamodeld */ = {
			isa = XCVersionGroup;
			children = (
				752133712BB2B18600C17682 /* MovieDBModel.xcdatamodel */,
			);
			currentVersion = 752133712BB2B18600C17682 /* MovieDBModel.xcdatamodel */;
			path = MovieDBModel.xcdatamodeld;
			sourceTree = "<group>";
			versionGroupType = wrapper.xcdatamodel;
		};
/* End XCVersionGroup section */
	};
	rootObject = 7529464A2BA8461400D4F8CB /* Project object */;
}
