// !$*UTF8*$!
{
	archiveVersion = 1;
	classes = {
	};
	objectVersion = 56;
	objects = {

/* Begin PBXBuildFile section */
		4284D37A929892F212AE8DFB /* Pods_BPCinema.framework in Frameworks */ = {isa = PBXBuildFile; fileRef = 79AC007DBEE8EA5D90860AF3 /* Pods_BPCinema.framework */; };
		752946562BA8461400D4F8CB /* AppDelegate.swift in Sources */ = {isa = PBXBuildFile; fileRef = 752946552BA8461400D4F8CB /* AppDelegate.swift */; };
		752946582BA8461400D4F8CB /* SceneDelegate.swift in Sources */ = {isa = PBXBuildFile; fileRef = 752946572BA8461400D4F8CB /* SceneDelegate.swift */; };
		7529465A2BA8461400D4F8CB /* ViewController.swift in Sources */ = {isa = PBXBuildFile; fileRef = 752946592BA8461400D4F8CB /* ViewController.swift */; };
		7529465D2BA8461400D4F8CB /* Base in Resources */ = {isa = PBXBuildFile; fileRef = 7529465C2BA8461400D4F8CB /* Base */; };
		7529465F2BA8461600D4F8CB /* Assets.xcassets in Resources */ = {isa = PBXBuildFile; fileRef = 7529465E2BA8461600D4F8CB /* Assets.xcassets */; };
		752946622BA8461600D4F8CB /* Base in Resources */ = {isa = PBXBuildFile; fileRef = 752946612BA8461600D4F8CB /* Base */; };
/* End PBXBuildFile section */

/* Begin PBXFileReference section */
		752946522BA8461400D4F8CB /* BPCinema.app */ = {isa = PBXFileReference; explicitFileType = wrapper.application; includeInIndex = 0; path = BPCinema.app; sourceTree = BUILT_PRODUCTS_DIR; };
		752946552BA8461400D4F8CB /* AppDelegate.swift */ = {isa = PBXFileReference; lastKnownFileType = sourcecode.swift; path = AppDelegate.swift; sourceTree = "<group>"; };
		752946572BA8461400D4F8CB /* SceneDelegate.swift */ = {isa = PBXFileReference; lastKnownFileType = sourcecode.swift; path = SceneDelegate.swift; sourceTree = "<group>"; };
		752946592BA8461400D4F8CB /* ViewController.swift */ = {isa = PBXFileReference; lastKnownFileType = sourcecode.swift; path = ViewController.swift; sourceTree = "<group>"; };
		7529465C2BA8461400D4F8CB /* Base */ = {isa = PBXFileReference; lastKnownFileType = file.storyboard; name = Base; path = Base.lproj/Main.storyboard; sourceTree = "<group>"; };
		7529465E2BA8461600D4F8CB /* Assets.xcassets */ = {isa = PBXFileReference; lastKnownFileType = folder.assetcatalog; path = Assets.xcassets; sourceTree = "<group>"; };
		752946612BA8461600D4F8CB /* Base */ = {isa = PBXFileReference; lastKnownFileType = file.storyboard; name = Base; path = Base.lproj/LaunchScreen.storyboard; sourceTree = "<group>"; };
		752946632BA8461600D4F8CB /* Info.plist */ = {isa = PBXFileReference; lastKnownFileType = text.plist.xml; path = Info.plist; sourceTree = "<group>"; };
		79AC007DBEE8EA5D90860AF3 /* Pods_BPCinema.framework */ = {isa = PBXFileReference; explicitFileType = wrapper.framework; includeInIndex = 0; path = Pods_BPCinema.framework; sourceTree = BUILT_PRODUCTS_DIR; };
		95ED11D7E949EBC14377EA6F /* Pods-BPCinema.debug.xcconfig */ = {isa = PBXFileReference; includeInIndex = 1; lastKnownFileType = text.xcconfig; name = "Pods-BPCinema.debug.xcconfig"; path = "Target Support Files/Pods-BPCinema/Pods-BPCinema.debug.xcconfig"; sourceTree = "<group>"; };
		F87C9A324694AC80D86A7CBA /* Pods-BPCinema.release.xcconfig */ = {isa = PBXFileReference; includeInIndex = 1; lastKnownFileType = text.xcconfig; name = "Pods-BPCinema.release.xcconfig"; path = "Target Support Files/Pods-BPCinema/Pods-BPCinema.release.xcconfig"; sourceTree = "<group>"; };
/* End PBXFileReference section */

/* Begin PBXFrameworksBuildPhase section */
		7529464F2BA8461400D4F8CB /* Frameworks */ = {
			isa = PBXFrameworksBuildPhase;
			buildActionMask = 2147483647;
			files = (
				4284D37A929892F212AE8DFB /* Pods_BPCinema.framework in Frameworks */,
			);
			runOnlyForDeploymentPostprocessing = 0;
		};
/* End PBXFrameworksBuildPhase section */

/* Begin PBXGroup section */
		17066A136A8A89AC72F86675 /* Frameworks */ = {
			isa = PBXGroup;
			children = (
				79AC007DBEE8EA5D90860AF3 /* Pods_BPCinema.framework */,
			);
			name = Frameworks;
			sourceTree = "<group>";
		};
		752946492BA8461400D4F8CB = {
			isa = PBXGroup;
			children = (
				752946542BA8461400D4F8CB /* BPCinema */,
				752946532BA8461400D4F8CB /* Products */,
				82D7DC47B27B4087E5D53381 /* Pods */,
				17066A136A8A89AC72F86675 /* Frameworks */,
			);
			sourceTree = "<group>";
		};
		752946532BA8461400D4F8CB /* Products */ = {
			isa = PBXGroup;
			children = (
				752946522BA8461400D4F8CB /* BPCinema.app */,
			);
			name = Products;
			sourceTree = "<group>";
		};
		752946542BA8461400D4F8CB /* BPCinema */ = {
			isa = PBXGroup;
			children = (
				752946552BA8461400D4F8CB /* AppDelegate.swift */,
				752946572BA8461400D4F8CB /* SceneDelegate.swift */,
				752946592BA8461400D4F8CB /* ViewController.swift */,
				7529465B2BA8461400D4F8CB /* Main.storyboard */,
				7529465E2BA8461600D4F8CB /* Assets.xcassets */,
				752946602BA8461600D4F8CB /* LaunchScreen.storyboard */,
				752946632BA8461600D4F8CB /* Info.plist */,
			);
			path = BPCinema;
			sourceTree = "<group>";
		};
		82D7DC47B27B4087E5D53381 /* Pods */ = {
			isa = PBXGroup;
			children = (
				95ED11D7E949EBC14377EA6F /* Pods-BPCinema.debug.xcconfig */,
				F87C9A324694AC80D86A7CBA /* Pods-BPCinema.release.xcconfig */,
			);
			path = Pods;
			sourceTree = "<group>";
		};
/* End PBXGroup section */

/* Begin PBXNativeTarget section */
		752946512BA8461400D4F8CB /* BPCinema */ = {
			isa = PBXNativeTarget;
			buildConfigurationList = 752946662BA8461600D4F8CB /* Build configuration list for PBXNativeTarget "BPCinema" */;
			buildPhases = (
				29035415F66680F4D57130C0 /* [CP] Check Pods Manifest.lock */,
				7529464E2BA8461400D4F8CB /* Sources */,
				7529464F2BA8461400D4F8CB /* Frameworks */,
				752946502BA8461400D4F8CB /* Resources */,
				9FFF3A17B536D8663A8D0176 /* [CP] Embed Pods Frameworks */,
			);
			buildRules = (
			);
			dependencies = (
			);
			name = BPCinema;
			productName = BPCinema;
			productReference = 752946522BA8461400D4F8CB /* BPCinema.app */;
			productType = "com.apple.product-type.application";
		};
/* End PBXNativeTarget section */

/* Begin PBXProject section */
		7529464A2BA8461400D4F8CB /* Project object */ = {
			isa = PBXProject;
			attributes = {
				BuildIndependentTargetsInParallel = 1;
				LastSwiftUpdateCheck = 1530;
				LastUpgradeCheck = 1530;
				TargetAttributes = {
					752946512BA8461400D4F8CB = {
						CreatedOnToolsVersion = 15.3;
					};
				};
			};
			buildConfigurationList = 7529464D2BA8461400D4F8CB /* Build configuration list for PBXProject "BPCinema" */;
			compatibilityVersion = "Xcode 14.0";
			developmentRegion = en;
			hasScannedForEncodings = 0;
			knownRegions = (
				en,
				Base,
			);
			mainGroup = 752946492BA8461400D4F8CB;
			productRefGroup = 752946532BA8461400D4F8CB /* Products */;
			projectDirPath = "";
			projectRoot = "";
			targets = (
				752946512BA8461400D4F8CB /* BPCinema */,
			);
		};
/* End PBXProject section */

/* Begin PBXResourcesBuildPhase section */
		752946502BA8461400D4F8CB /* Resources */ = {
			isa = PBXResourcesBuildPhase;
			buildActionMask = 2147483647;
			files = (
				7529465F2BA8461600D4F8CB /* Assets.xcassets in Resources */,
				752946622BA8461600D4F8CB /* Base in Resources */,
				7529465D2BA8461400D4F8CB /* Base in Resources */,
			);
			runOnlyForDeploymentPostprocessing = 0;
		};
/* End PBXResourcesBuildPhase section */

/* Begin PBXShellScriptBuildPhase section */
		29035415F66680F4D57130C0 /* [CP] Check Pods Manifest.lock */ = {
			isa = PBXShellScriptBuildPhase;
			buildActionMask = 2147483647;
			files = (
			);
			inputFileListPaths = (
			);
			inputPaths = (
				"${PODS_PODFILE_DIR_PATH}/Podfile.lock",
				"${PODS_ROOT}/Manifest.lock",
			);
			name = "[CP] Check Pods Manifest.lock";
			outputFileListPaths = (
			);
			outputPaths = (
				"$(DERIVED_FILE_DIR)/Pods-BPCinema-checkManifestLockResult.txt",
			);
			runOnlyForDeploymentPostprocessing = 0;
			shellPath = /bin/sh;
			shellScript = "diff \"${PODS_PODFILE_DIR_PATH}/Podfile.lock\" \"${PODS_ROOT}/Manifest.lock\" > /dev/null\nif [ $? != 0 ] ; then\n    # print error to STDERR\n    echo \"error: The sandbox is not in sync with the Podfile.lock. Run 'pod install' or update your CocoaPods installation.\" >&2\n    exit 1\nfi\n# This output is used by Xcode 'outputs' to avoid re-running this script phase.\necho \"SUCCESS\" > \"${SCRIPT_OUTPUT_FILE_0}\"\n";
			showEnvVarsInLog = 0;
		};
		9FFF3A17B536D8663A8D0176 /* [CP] Embed Pods Frameworks */ = {
			isa = PBXShellScriptBuildPhase;
			buildActionMask = 2147483647;
			files = (
			);
			inputFileListPaths = (
				"${PODS_ROOT}/Target Support Files/Pods-BPCinema/Pods-BPCinema-frameworks-${CONFIGURATION}-input-files.xcfilelist",
			);
			name = "[CP] Embed Pods Frameworks";
			outputFileListPaths = (
				"${PODS_ROOT}/Target Support Files/Pods-BPCinema/Pods-BPCinema-frameworks-${CONFIGURATION}-output-files.xcfilelist",
			);
			runOnlyForDeploymentPostprocessing = 0;
			shellPath = /bin/sh;
			shellScript = "\"${PODS_ROOT}/Target Support Files/Pods-BPCinema/Pods-BPCinema-frameworks.sh\"\n";
			showEnvVarsInLog = 0;
		};
/* End PBXShellScriptBuildPhase section */

/* Begin PBXSourcesBuildPhase section */
		7529464E2BA8461400D4F8CB /* Sources */ = {
			isa = PBXSourcesBuildPhase;
			buildActionMask = 2147483647;
			files = (
				7529465A2BA8461400D4F8CB /* ViewController.swift in Sources */,
				752946562BA8461400D4F8CB /* AppDelegate.swift in Sources */,
				752946582BA8461400D4F8CB /* SceneDelegate.swift in Sources */,
			);
			runOnlyForDeploymentPostprocessing = 0;
		};
/* End PBXSourcesBuildPhase section */

/* Begin PBXVariantGroup section */
		7529465B2BA8461400D4F8CB /* Main.storyboard */ = {
			isa = PBXVariantGroup;
			children = (
				7529465C2BA8461400D4F8CB /* Base */,
			);
			name = Main.storyboard;
			sourceTree = "<group>";
		};
		752946602BA8461600D4F8CB /* LaunchScreen.storyboard */ = {
			isa = PBXVariantGroup;
			children = (
				752946612BA8461600D4F8CB /* Base */,
			);
			name = LaunchScreen.storyboard;
			sourceTree = "<group>";
		};
/* End PBXVariantGroup section */

/* Begin XCBuildConfiguration section */
		752946642BA8461600D4F8CB /* Debug */ = {
			isa = XCBuildConfiguration;
			buildSettings = {
				ALWAYS_SEARCH_USER_PATHS = NO;
				ASSETCATALOG_COMPILER_GENERATE_SWIFT_ASSET_SYMBOL_EXTENSIONS = YES;
				CLANG_ANALYZER_NONNULL = YES;
				CLANG_ANALYZER_NUMBER_OBJECT_CONVERSION = YES_AGGRESSIVE;
				CLANG_CXX_LANGUAGE_STANDARD = "gnu++20";
				CLANG_ENABLE_MODULES = YES;
				CLANG_ENABLE_OBJC_ARC = YES;
				CLANG_ENABLE_OBJC_WEAK = YES;
				CLANG_WARN_BLOCK_CAPTURE_AUTORELEASING = YES;
				CLANG_WARN_BOOL_CONVERSION = YES;
				CLANG_WARN_COMMA = YES;
				CLANG_WARN_CONSTANT_CONVERSION = YES;
				CLANG_WARN_DEPRECATED_OBJC_IMPLEMENTATIONS = YES;
				CLANG_WARN_DIRECT_OBJC_ISA_USAGE = YES_ERROR;
				CLANG_WARN_DOCUMENTATION_COMMENTS = YES;
				CLANG_WARN_EMPTY_BODY = YES;
				CLANG_WARN_ENUM_CONVERSION = YES;
				CLANG_WARN_INFINITE_RECURSION = YES;
				CLANG_WARN_INT_CONVERSION = YES;
				CLANG_WARN_NON_LITERAL_NULL_CONVERSION = YES;
				CLANG_WARN_OBJC_IMPLICIT_RETAIN_SELF = YES;
				CLANG_WARN_OBJC_LITERAL_CONVERSION = YES;
				CLANG_WARN_OBJC_ROOT_CLASS = YES_ERROR;
				CLANG_WARN_QUOTED_INCLUDE_IN_FRAMEWORK_HEADER = YES;
				CLANG_WARN_RANGE_LOOP_ANALYSIS = YES;
				CLANG_WARN_STRICT_PROTOTYPES = YES;
				CLANG_WARN_SUSPICIOUS_MOVE = YES;
				CLANG_WARN_UNGUARDED_AVAILABILITY = YES_AGGRESSIVE;
				CLANG_WARN_UNREACHABLE_CODE = YES;
				CLANG_WARN__DUPLICATE_METHOD_MATCH = YES;
				COPY_PHASE_STRIP = NO;
				DEBUG_INFORMATION_FORMAT = dwarf;
				ENABLE_STRICT_OBJC_MSGSEND = YES;
				ENABLE_TESTABILITY = YES;
				ENABLE_USER_SCRIPT_SANDBOXING = NO;
				GCC_C_LANGUAGE_STANDARD = gnu17;
				GCC_DYNAMIC_NO_PIC = NO;
				GCC_NO_COMMON_BLOCKS = YES;
				GCC_OPTIMIZATION_LEVEL = 0;
				GCC_PREPROCESSOR_DEFINITIONS = (
					"DEBUG=1",
					"$(inherited)",
				);
				GCC_WARN_64_TO_32_BIT_CONVERSION = YES;
				GCC_WARN_ABOUT_RETURN_TYPE = YES_ERROR;
				GCC_WARN_UNDECLARED_SELECTOR = YES;
				GCC_WARN_UNINITIALIZED_AUTOS = YES_AGGRESSIVE;
				GCC_WARN_UNUSED_FUNCTION = YES;
				GCC_WARN_UNUSED_VARIABLE = YES;
				IPHONEOS_DEPLOYMENT_TARGET = 15.1;
				LOCALIZATION_PREFERS_STRING_CATALOGS = YES;
				MTL_ENABLE_DEBUG_INFO = INCLUDE_SOURCE;
				MTL_FAST_MATH = YES;
				ONLY_ACTIVE_ARCH = YES;
				SDKROOT = iphoneos;
				SWIFT_ACTIVE_COMPILATION_CONDITIONS = "DEBUG $(inherited)";
				SWIFT_OPTIMIZATION_LEVEL = "-Onone";
			};
			name = Debug;
		};
		752946652BA8461600D4F8CB /* Release */ = {
			isa = XCBuildConfiguration;
			buildSettings = {
				ALWAYS_SEARCH_USER_PATHS = NO;
				ASSETCATALOG_COMPILER_GENERATE_SWIFT_ASSET_SYMBOL_EXTENSIONS = YES;
				CLANG_ANALYZER_NONNULL = YES;
				CLANG_ANALYZER_NUMBER_OBJECT_CONVERSION = YES_AGGRESSIVE;
				CLANG_CXX_LANGUAGE_STANDARD = "gnu++20";
				CLANG_ENABLE_MODULES = YES;
				CLANG_ENABLE_OBJC_ARC = YES;
				CLANG_ENABLE_OBJC_WEAK = YES;
				CLANG_WARN_BLOCK_CAPTURE_AUTORELEASING = YES;
				CLANG_WARN_BOOL_CONVERSION = YES;
				CLANG_WARN_COMMA = YES;
				CLANG_WARN_CONSTANT_CONVERSION = YES;
				CLANG_WARN_DEPRECATED_OBJC_IMPLEMENTATIONS = YES;
				CLANG_WARN_DIRECT_OBJC_ISA_USAGE = YES_ERROR;
				CLANG_WARN_DOCUMENTATION_COMMENTS = YES;
				CLANG_WARN_EMPTY_BODY = YES;
				CLANG_WARN_ENUM_CONVERSION = YES;
				CLANG_WARN_INFINITE_RECURSION = YES;
				CLANG_WARN_INT_CONVERSION = YES;
				CLANG_WARN_NON_LITERAL_NULL_CONVERSION = YES;
				CLANG_WARN_OBJC_IMPLICIT_RETAIN_SELF = YES;
				CLANG_WARN_OBJC_LITERAL_CONVERSION = YES;
				CLANG_WARN_OBJC_ROOT_CLASS = YES_ERROR;
				CLANG_WARN_QUOTED_INCLUDE_IN_FRAMEWORK_HEADER = YES;
				CLANG_WARN_RANGE_LOOP_ANALYSIS = YES;
				CLANG_WARN_STRICT_PROTOTYPES = YES;
				CLANG_WARN_SUSPICIOUS_MOVE = YES;
				CLANG_WARN_UNGUARDED_AVAILABILITY = YES_AGGRESSIVE;
				CLANG_WARN_UNREACHABLE_CODE = YES;
				CLANG_WARN__DUPLICATE_METHOD_MATCH = YES;
				COPY_PHASE_STRIP = NO;
				DEBUG_INFORMATION_FORMAT = "dwarf-with-dsym";
				ENABLE_NS_ASSERTIONS = NO;
				ENABLE_STRICT_OBJC_MSGSEND = YES;
				ENABLE_USER_SCRIPT_SANDBOXING = NO;
				GCC_C_LANGUAGE_STANDARD = gnu17;
				GCC_NO_COMMON_BLOCKS = YES;
				GCC_WARN_64_TO_32_BIT_CONVERSION = YES;
				GCC_WARN_ABOUT_RETURN_TYPE = YES_ERROR;
				GCC_WARN_UNDECLARED_SELECTOR = YES;
				GCC_WARN_UNINITIALIZED_AUTOS = YES_AGGRESSIVE;
				GCC_WARN_UNUSED_FUNCTION = YES;
				GCC_WARN_UNUSED_VARIABLE = YES;
				IPHONEOS_DEPLOYMENT_TARGET = 15.1;
				LOCALIZATION_PREFERS_STRING_CATALOGS = YES;
				MTL_ENABLE_DEBUG_INFO = NO;
				MTL_FAST_MATH = YES;
				SDKROOT = iphoneos;
				SWIFT_COMPILATION_MODE = wholemodule;
				VALIDATE_PRODUCT = YES;
			};
			name = Release;
		};
		752946672BA8461600D4F8CB /* Debug */ = {
			isa = XCBuildConfiguration;
			baseConfigurationReference = 95ED11D7E949EBC14377EA6F /* Pods-BPCinema.debug.xcconfig */;
			buildSettings = {
				ASSETCATALOG_COMPILER_APPICON_NAME = AppIcon;
				ASSETCATALOG_COMPILER_GLOBAL_ACCENT_COLOR_NAME = AccentColor;
				CODE_SIGN_STYLE = Automatic;
				CURRENT_PROJECT_VERSION = 1;
				DEVELOPMENT_TEAM = S7DZ5Y7M7U;
				GENERATE_INFOPLIST_FILE = YES;
				INFOPLIST_FILE = BPCinema/Info.plist;
				INFOPLIST_KEY_UIApplicationSupportsIndirectInputEvents = YES;
				INFOPLIST_KEY_UILaunchStoryboardName = LaunchScreen;
				INFOPLIST_KEY_UIMainStoryboardFile = Main;
				INFOPLIST_KEY_UISupportedInterfaceOrientations_iPad = "UIInterfaceOrientationPortrait UIInterfaceOrientationPortraitUpsideDown UIInterfaceOrientationLandscapeLeft UIInterfaceOrientationLandscapeRight";
				INFOPLIST_KEY_UISupportedInterfaceOrientations_iPhone = "UIInterfaceOrientationPortrait UIInterfaceOrientationLandscapeLeft UIInterfaceOrientationLandscapeRight";
				IPHONEOS_DEPLOYMENT_TARGET = 15.1;
				LD_RUNPATH_SEARCH_PATHS = (
					"$(inherited)",
					"@executable_path/Frameworks",
				);
				MARKETING_VERSION = 1.0;
				PRODUCT_BUNDLE_IDENTIFIER = com.Test.BPCinema;
				PRODUCT_NAME = "$(TARGET_NAME)";
				SWIFT_EMIT_LOC_STRINGS = YES;
				SWIFT_VERSION = 5.0;
				TARGETED_DEVICE_FAMILY = "1,2";
			};
			name = Debug;
		};
		752946682BA8461600D4F8CB /* Release */ = {
			isa = XCBuildConfiguration;
			baseConfigurationReference = F87C9A324694AC80D86A7CBA /* Pods-BPCinema.release.xcconfig */;
			buildSettings = {
				ASSETCATALOG_COMPILER_APPICON_NAME = AppIcon;
				ASSETCATALOG_COMPILER_GLOBAL_ACCENT_COLOR_NAME = AccentColor;
				CODE_SIGN_STYLE = Automatic;
				CURRENT_PROJECT_VERSION = 1;
				DEVELOPMENT_TEAM = S7DZ5Y7M7U;
				GENERATE_INFOPLIST_FILE = YES;
				INFOPLIST_FILE = BPCinema/Info.plist;
				INFOPLIST_KEY_UIApplicationSupportsIndirectInputEvents = YES;
				INFOPLIST_KEY_UILaunchStoryboardName = LaunchScreen;
				INFOPLIST_KEY_UIMainStoryboardFile = Main;
				INFOPLIST_KEY_UISupportedInterfaceOrientations_iPad = "UIInterfaceOrientationPortrait UIInterfaceOrientationPortraitUpsideDown UIInterfaceOrientationLandscapeLeft UIInterfaceOrientationLandscapeRight";
				INFOPLIST_KEY_UISupportedInterfaceOrientations_iPhone = "UIInterfaceOrientationPortrait UIInterfaceOrientationLandscapeLeft UIInterfaceOrientationLandscapeRight";
				IPHONEOS_DEPLOYMENT_TARGET = 15.1;
				LD_RUNPATH_SEARCH_PATHS = (
					"$(inherited)",
					"@executable_path/Frameworks",
				);
				MARKETING_VERSION = 1.0;
				PRODUCT_BUNDLE_IDENTIFIER = com.Test.BPCinema;
				PRODUCT_NAME = "$(TARGET_NAME)";
				SWIFT_EMIT_LOC_STRINGS = YES;
				SWIFT_VERSION = 5.0;
				TARGETED_DEVICE_FAMILY = "1,2";
			};
			name = Release;
		};
/* End XCBuildConfiguration section */

/* Begin XCConfigurationList section */
		7529464D2BA8461400D4F8CB /* Build configuration list for PBXProject "BPCinema" */ = {
			isa = XCConfigurationList;
			buildConfigurations = (
				752946642BA8461600D4F8CB /* Debug */,
				752946652BA8461600D4F8CB /* Release */,
			);
			defaultConfigurationIsVisible = 0;
			defaultConfigurationName = Release;
		};
		752946662BA8461600D4F8CB /* Build configuration list for PBXNativeTarget "BPCinema" */ = {
			isa = XCConfigurationList;
			buildConfigurations = (
				752946672BA8461600D4F8CB /* Debug */,
				752946682BA8461600D4F8CB /* Release */,
			);
			defaultConfigurationIsVisible = 0;
			defaultConfigurationName = Release;
		};
/* End XCConfigurationList section */
	};
	rootObject = 7529464A2BA8461400D4F8CB /* Project object */;
}
